{
  "name": "tailwind-plugins",
  "lockfileVersion": 3,
  "requires": true,
  "packages": {
    "": {
      "name": "tailwind-plugins",
      "dependencies": {
        "jiti": "^2.4.0"
      }
    },
    "node_modules/jiti": {
      "version": "2.4.1",
      "license": "MIT",
      "bin": {
        "jiti": "lib/jiti-cli.mjs"
      }
    }
  }
}
